
Microsoft Visual Studio Solution File, Format Version 12.00
# Visual Studio Version 17
VisualStudioVersion = 17.12.35707.178
MinimumVisualStudioVersion = 10.0.40219.1
Project("{FAE04EC0-301F-11D3-BF4B-00C04F79EFBC}") = "CADence", "CADence.csproj", "{E50BF692-7A4B-4175-813C-D39C69B39153}"
EndProject
Project("{FAE04EC0-301F-11D3-BF4B-00C04F79EFBC}") = "CADence.Parser", "..\CADence.Parser\CADence.Parser.csproj", "{33976B94-5928-4F50-B976-9EA0C2CFAEB1}"
EndProject
Project("{FAE04EC0-301F-11D3-BF4B-00C04F79EFBC}") = "CADence.Aperture", "..\CADence.Aperture\CADence.Aperture.csproj", "{7A2053F5-A3F0-4318-810C-BAF44F968190}"
EndProject
Project("{FAE04EC0-301F-11D3-BF4B-00C04F79EFBC}") = "CADence.Command", "..\CADence.Command\CADence.Command.csproj", "{93143E62-FE06-4AAB-910D-E654E4EDC141}"
EndProject
Project("{FAE04EC0-301F-11D3-BF4B-00C04F79EFBC}") = "CADence.Layer", "..\CADence.Layer\CADence.Layer.csproj", "{FF493D68-C9A1-4876-B603-27C97A652762}"
EndProject
Project("{FAE04EC0-301F-11D3-BF4B-00C04F79EFBC}") = "CADence.Format", "..\CADence.Format\CADence.Format.csproj", "{DAB5F4AA-226B-4354-B236-345660A408DF}"
EndProject
Project("{FAE04EC0-301F-11D3-BF4B-00C04F79EFBC}") = "CADence.NetTopology", "..\CADence.NetTopology\CADence.NetTopology.csproj", "{4686DE6E-2D20-414C-ADAC-6E194BA6AAF1}"
EndProject
Project("{FAE04EC0-301F-11D3-BF4B-00C04F79EFBC}") = "CADence.LayerFabric", "..\CADence.LayerFabric\CADence.LayerFabric.csproj", "{F9748CC5-96E6-4952-A490-67FDEC62A716}"
EndProject
Global
	GlobalSection(SolutionConfigurationPlatforms) = preSolution
		Debug|Any CPU = Debug|Any CPU
		Release|Any CPU = Release|Any CPU
	EndGlobalSection
	GlobalSection(ProjectConfigurationPlatforms) = postSolution
		{E50BF692-7A4B-4175-813C-D39C69B39153}.Debug|Any CPU.ActiveCfg = Debug|Any CPU
		{E50BF692-7A4B-4175-813C-D39C69B39153}.Debug|Any CPU.Build.0 = Debug|Any CPU
		{E50BF692-7A4B-4175-813C-D39C69B39153}.Release|Any CPU.ActiveCfg = Release|Any CPU
		{E50BF692-7A4B-4175-813C-D39C69B39153}.Release|Any CPU.Build.0 = Release|Any CPU
		{33976B94-5928-4F50-B976-9EA0C2CFAEB1}.Debug|Any CPU.ActiveCfg = Debug|Any CPU
		{33976B94-5928-4F50-B976-9EA0C2CFAEB1}.Debug|Any CPU.Build.0 = Debug|Any CPU
		{33976B94-5928-4F50-B976-9EA0C2CFAEB1}.Release|Any CPU.ActiveCfg = Release|Any CPU
		{33976B94-5928-4F50-B976-9EA0C2CFAEB1}.Release|Any CPU.Build.0 = Release|Any CPU
		{7A2053F5-A3F0-4318-810C-BAF44F968190}.Debug|Any CPU.ActiveCfg = Debug|Any CPU
		{7A2053F5-A3F0-4318-810C-BAF44F968190}.Debug|Any CPU.Build.0 = Debug|Any CPU
		{7A2053F5-A3F0-4318-810C-BAF44F968190}.Release|Any CPU.ActiveCfg = Release|Any CPU
		{7A2053F5-A3F0-4318-810C-BAF44F968190}.Release|Any CPU.Build.0 = Release|Any CPU
		{93143E62-FE06-4AAB-910D-E654E4EDC141}.Debug|Any CPU.ActiveCfg = Debug|Any CPU
		{93143E62-FE06-4AAB-910D-E654E4EDC141}.Debug|Any CPU.Build.0 = Debug|Any CPU
		{93143E62-FE06-4AAB-910D-E654E4EDC141}.Release|Any CPU.ActiveCfg = Release|Any CPU
		{93143E62-FE06-4AAB-910D-E654E4EDC141}.Release|Any CPU.Build.0 = Release|Any CPU
		{FF493D68-C9A1-4876-B603-27C97A652762}.Debug|Any CPU.ActiveCfg = Debug|Any CPU
		{FF493D68-C9A1-4876-B603-27C97A652762}.Debug|Any CPU.Build.0 = Debug|Any CPU
		{FF493D68-C9A1-4876-B603-27C97A652762}.Release|Any CPU.ActiveCfg = Release|Any CPU
		{FF493D68-C9A1-4876-B603-27C97A652762}.Release|Any CPU.Build.0 = Release|Any CPU
		{DAB5F4AA-226B-4354-B236-345660A408DF}.Debug|Any CPU.ActiveCfg = Debug|Any CPU
		{DAB5F4AA-226B-4354-B236-345660A408DF}.Debug|Any CPU.Build.0 = Debug|Any CPU
		{DAB5F4AA-226B-4354-B236-345660A408DF}.Release|Any CPU.ActiveCfg = Release|Any CPU
		{DAB5F4AA-226B-4354-B236-345660A408DF}.Release|Any CPU.Build.0 = Release|Any CPU
		{4686DE6E-2D20-414C-ADAC-6E194BA6AAF1}.Debug|Any CPU.ActiveCfg = Debug|Any CPU
		{4686DE6E-2D20-414C-ADAC-6E194BA6AAF1}.Debug|Any CPU.Build.0 = Debug|Any CPU
		{4686DE6E-2D20-414C-ADAC-6E194BA6AAF1}.Release|Any CPU.ActiveCfg = Release|Any CPU
		{4686DE6E-2D20-414C-ADAC-6E194BA6AAF1}.Release|Any CPU.Build.0 = Release|Any CPU
		{F9748CC5-96E6-4952-A490-67FDEC62A716}.Debug|Any CPU.ActiveCfg = Debug|Any CPU
		{F9748CC5-96E6-4952-A490-67FDEC62A716}.Debug|Any CPU.Build.0 = Debug|Any CPU
		{F9748CC5-96E6-4952-A490-67FDEC62A716}.Release|Any CPU.ActiveCfg = Release|Any CPU
		{F9748CC5-96E6-4952-A490-67FDEC62A716}.Release|Any CPU.Build.0 = Release|Any CPU
	EndGlobalSection
	GlobalSection(SolutionProperties) = preSolution
		HideSolutionNode = FALSE
	EndGlobalSection
EndGlobal
