
Microsoft Visual Studio Solution File, Format Version 12.00
# Visual Studio Version 17
VisualStudioVersion = 17.12.35527.113
MinimumVisualStudioVersion = 10.0.40219.1
Project("{FAE04EC0-301F-11D3-BF4B-00C04F79EFBC}") = "CADence.App.Core", "src\app\CADence.App.Core\CADence.App.Core.csproj", "{69BA8881-4605-41EA-9278-D1B02743C3CA}"
EndProject
Project("{FAE04EC0-301F-11D3-BF4B-00C04F79EFBC}") = "CADence.Infrastructure.Aperture", "src\infrastructure\CADence.Infrastructure.Aperture\CADence.Infrastructure.Aperture.csproj", "{91A76E8C-8270-4265-BF0D-C143D9A51DF7}"
EndProject
Project("{FAE04EC0-301F-11D3-BF4B-00C04F79EFBC}") = "CADence.Infrastructure.Command", "src\infrastructure\CADence.Infrastructure.Command\CADence.Infrastructure.Command.csproj", "{62D2F9DE-6328-445B-BC04-38C48B1D5FDC}"
EndProject
Project("{FAE04EC0-301F-11D3-BF4B-00C04F79EFBC}") = "CADence.Models.Format", "src\models\CADence.Models.Format\CADence.Models.Format.csproj", "{A004C7CF-A0CB-4D62-8F3A-D536C237E19C}"
EndProject
Project("{FAE04EC0-301F-11D3-BF4B-00C04F79EFBC}") = "CADence.Models.Layer", "src\models\CADence.Models.Layer\CADence.Models.Layer.csproj", "{72490883-E04C-47F1-8BC9-45A468B9F1BE}"
EndProject
Project("{FAE04EC0-301F-11D3-BF4B-00C04F79EFBC}") = "CADence.Infrastructure.LayerFabric", "src\infrastructure\CADence.Infrastructure.LayerFabric\CADence.Infrastructure.LayerFabric.csproj", "{71C2CA32-825A-4B3C-9622-ABEA1983FEE6}"
EndProject
Project("{FAE04EC0-301F-11D3-BF4B-00C04F79EFBC}") = "CADence.Infrastructure.Parser", "src\infrastructure\CADence.Infrastructure.Parser\CADence.Infrastructure.Parser.csproj", "{30C042AF-2C4B-4B12-8864-0C2EBFC3F2D5}"
EndProject
Project("{2150E333-8FDC-42A3-9474-1A3956D46DE8}") = "src", "src", "{38D99B73-4E22-4D5A-BF0C-465F2ED0B212}"
EndProject
Project("{2150E333-8FDC-42A3-9474-1A3956D46DE8}") = "app", "app", "{80D72F02-FB2E-4441-BBA9-2BA6FA1D0600}"
EndProject
Project("{2150E333-8FDC-42A3-9474-1A3956D46DE8}") = "models", "models", "{5970DF4E-CB0D-486E-9700-7055682E2B23}"
EndProject
Project("{2150E333-8FDC-42A3-9474-1A3956D46DE8}") = "infrastructure", "infrastructure", "{912C6E82-9BBC-4BE9-B8EE-DF2AD9EDCF77}"
EndProject
Project("{2150E333-8FDC-42A3-9474-1A3956D46DE8}") = "tests", "tests", "{9A0224BE-CB15-4133-9BB6-7D22D9806D6B}"
EndProject
Project("{FAE04EC0-301F-11D3-BF4B-00C04F79EFBC}") = "CADence.Models.Tests.FormatTests", "src\models\tests\CADence.Models.Tests.FormatTests\CADence.Models.Tests.FormatTests.csproj", "{19FCFC02-CC52-4CDB-B460-E7583DCA2421}"
EndProject
Project("{FAE04EC0-301F-11D3-BF4B-00C04F79EFBC}") = "ConsoleApp1", "..\ConsoleApp1\ConsoleApp1.csproj", "{F856CEA5-DB4F-4236-93DC-1674BE735B81}"
EndProject
Project("{FAE04EC0-301F-11D3-BF4B-00C04F79EFBC}") = "CADence.Infrastructure.SVG&JSON", "src\infrastructure\CADence.Infrastructure.SVG&JSON\CADence.Infrastructure.SVG&JSON.csproj", "{4D9F0D3B-DA7F-4CFF-88E7-2802194B8F9E}"
EndProject
Global
	GlobalSection(SolutionConfigurationPlatforms) = preSolution
		Debug|Any CPU = Debug|Any CPU
		Release|Any CPU = Release|Any CPU
	EndGlobalSection
	GlobalSection(ProjectConfigurationPlatforms) = postSolution
		{69BA8881-4605-41EA-9278-D1B02743C3CA}.Debug|Any CPU.ActiveCfg = Debug|Any CPU
		{69BA8881-4605-41EA-9278-D1B02743C3CA}.Debug|Any CPU.Build.0 = Debug|Any CPU
		{69BA8881-4605-41EA-9278-D1B02743C3CA}.Release|Any CPU.ActiveCfg = Release|Any CPU
		{69BA8881-4605-41EA-9278-D1B02743C3CA}.Release|Any CPU.Build.0 = Release|Any CPU
		{91A76E8C-8270-4265-BF0D-C143D9A51DF7}.Debug|Any CPU.ActiveCfg = Debug|Any CPU
		{91A76E8C-8270-4265-BF0D-C143D9A51DF7}.Debug|Any CPU.Build.0 = Debug|Any CPU
		{91A76E8C-8270-4265-BF0D-C143D9A51DF7}.Release|Any CPU.ActiveCfg = Release|Any CPU
		{91A76E8C-8270-4265-BF0D-C143D9A51DF7}.Release|Any CPU.Build.0 = Release|Any CPU
		{62D2F9DE-6328-445B-BC04-38C48B1D5FDC}.Debug|Any CPU.ActiveCfg = Debug|Any CPU
		{62D2F9DE-6328-445B-BC04-38C48B1D5FDC}.Debug|Any CPU.Build.0 = Debug|Any CPU
		{62D2F9DE-6328-445B-BC04-38C48B1D5FDC}.Release|Any CPU.ActiveCfg = Release|Any CPU
		{62D2F9DE-6328-445B-BC04-38C48B1D5FDC}.Release|Any CPU.Build.0 = Release|Any CPU
		{A004C7CF-A0CB-4D62-8F3A-D536C237E19C}.Debug|Any CPU.ActiveCfg = Debug|Any CPU
		{A004C7CF-A0CB-4D62-8F3A-D536C237E19C}.Debug|Any CPU.Build.0 = Debug|Any CPU
		{A004C7CF-A0CB-4D62-8F3A-D536C237E19C}.Release|Any CPU.ActiveCfg = Release|Any CPU
		{A004C7CF-A0CB-4D62-8F3A-D536C237E19C}.Release|Any CPU.Build.0 = Release|Any CPU
		{72490883-E04C-47F1-8BC9-45A468B9F1BE}.Debug|Any CPU.ActiveCfg = Debug|Any CPU
		{72490883-E04C-47F1-8BC9-45A468B9F1BE}.Debug|Any CPU.Build.0 = Debug|Any CPU
		{72490883-E04C-47F1-8BC9-45A468B9F1BE}.Release|Any CPU.ActiveCfg = Release|Any CPU
		{72490883-E04C-47F1-8BC9-45A468B9F1BE}.Release|Any CPU.Build.0 = Release|Any CPU
		{71C2CA32-825A-4B3C-9622-ABEA1983FEE6}.Debug|Any CPU.ActiveCfg = Debug|Any CPU
		{71C2CA32-825A-4B3C-9622-ABEA1983FEE6}.Debug|Any CPU.Build.0 = Debug|Any CPU
		{71C2CA32-825A-4B3C-9622-ABEA1983FEE6}.Release|Any CPU.ActiveCfg = Release|Any CPU
		{71C2CA32-825A-4B3C-9622-ABEA1983FEE6}.Release|Any CPU.Build.0 = Release|Any CPU
		{30C042AF-2C4B-4B12-8864-0C2EBFC3F2D5}.Debug|Any CPU.ActiveCfg = Debug|Any CPU
		{30C042AF-2C4B-4B12-8864-0C2EBFC3F2D5}.Debug|Any CPU.Build.0 = Debug|Any CPU
		{30C042AF-2C4B-4B12-8864-0C2EBFC3F2D5}.Release|Any CPU.ActiveCfg = Release|Any CPU
		{30C042AF-2C4B-4B12-8864-0C2EBFC3F2D5}.Release|Any CPU.Build.0 = Release|Any CPU
		{19FCFC02-CC52-4CDB-B460-E7583DCA2421}.Debug|Any CPU.ActiveCfg = Debug|Any CPU
		{19FCFC02-CC52-4CDB-B460-E7583DCA2421}.Debug|Any CPU.Build.0 = Debug|Any CPU
		{19FCFC02-CC52-4CDB-B460-E7583DCA2421}.Release|Any CPU.ActiveCfg = Release|Any CPU
		{19FCFC02-CC52-4CDB-B460-E7583DCA2421}.Release|Any CPU.Build.0 = Release|Any CPU
		{F856CEA5-DB4F-4236-93DC-1674BE735B81}.Debug|Any CPU.ActiveCfg = Debug|Any CPU
		{F856CEA5-DB4F-4236-93DC-1674BE735B81}.Debug|Any CPU.Build.0 = Debug|Any CPU
		{F856CEA5-DB4F-4236-93DC-1674BE735B81}.Release|Any CPU.ActiveCfg = Release|Any CPU
		{F856CEA5-DB4F-4236-93DC-1674BE735B81}.Release|Any CPU.Build.0 = Release|Any CPU
		{4D9F0D3B-DA7F-4CFF-88E7-2802194B8F9E}.Debug|Any CPU.ActiveCfg = Debug|Any CPU
		{4D9F0D3B-DA7F-4CFF-88E7-2802194B8F9E}.Debug|Any CPU.Build.0 = Debug|Any CPU
		{4D9F0D3B-DA7F-4CFF-88E7-2802194B8F9E}.Release|Any CPU.ActiveCfg = Release|Any CPU
		{4D9F0D3B-DA7F-4CFF-88E7-2802194B8F9E}.Release|Any CPU.Build.0 = Release|Any CPU
	EndGlobalSection
	GlobalSection(SolutionProperties) = preSolution
		HideSolutionNode = FALSE
	EndGlobalSection
	GlobalSection(NestedProjects) = preSolution
		{69BA8881-4605-41EA-9278-D1B02743C3CA} = {80D72F02-FB2E-4441-BBA9-2BA6FA1D0600}
		{91A76E8C-8270-4265-BF0D-C143D9A51DF7} = {912C6E82-9BBC-4BE9-B8EE-DF2AD9EDCF77}
		{62D2F9DE-6328-445B-BC04-38C48B1D5FDC} = {912C6E82-9BBC-4BE9-B8EE-DF2AD9EDCF77}
		{A004C7CF-A0CB-4D62-8F3A-D536C237E19C} = {5970DF4E-CB0D-486E-9700-7055682E2B23}
		{72490883-E04C-47F1-8BC9-45A468B9F1BE} = {5970DF4E-CB0D-486E-9700-7055682E2B23}
		{71C2CA32-825A-4B3C-9622-ABEA1983FEE6} = {912C6E82-9BBC-4BE9-B8EE-DF2AD9EDCF77}
		{30C042AF-2C4B-4B12-8864-0C2EBFC3F2D5} = {912C6E82-9BBC-4BE9-B8EE-DF2AD9EDCF77}
		{80D72F02-FB2E-4441-BBA9-2BA6FA1D0600} = {38D99B73-4E22-4D5A-BF0C-465F2ED0B212}
		{5970DF4E-CB0D-486E-9700-7055682E2B23} = {38D99B73-4E22-4D5A-BF0C-465F2ED0B212}
		{912C6E82-9BBC-4BE9-B8EE-DF2AD9EDCF77} = {38D99B73-4E22-4D5A-BF0C-465F2ED0B212}
		{9A0224BE-CB15-4133-9BB6-7D22D9806D6B} = {5970DF4E-CB0D-486E-9700-7055682E2B23}
		{19FCFC02-CC52-4CDB-B460-E7583DCA2421} = {9A0224BE-CB15-4133-9BB6-7D22D9806D6B}
		{4D9F0D3B-DA7F-4CFF-88E7-2802194B8F9E} = {912C6E82-9BBC-4BE9-B8EE-DF2AD9EDCF77}
	EndGlobalSection
EndGlobal
