
Microsoft Visual Studio Solution File, Format Version 12.00
# Visual Studio Version 17
VisualStudioVersion = 17.12.35527.113
MinimumVisualStudioVersion = 10.0.40219.1
Project("{FAE04EC0-301F-11D3-BF4B-00C04F79EFBC}") = "CADence.CUI", "CADence.CUI\CADence.CUI.csproj", "{DAE0182C-C541-4FBD-B86A-4C43149B64AF}"
EndProject
Project("{FAE04EC0-301F-11D3-BF4B-00C04F79EFBC}") = "CADence.Core", "CADence.Core\CADence.Core.csproj", "{B0482E00-A5EB-4D22-80B5-FFE5ED9709C4}"
EndProject
Project("{FAE04EC0-301F-11D3-BF4B-00C04F79EFBC}") = "CADence.Abstractions", "CADence.Abstractions\CADence.Abstractions.csproj", "{E442A570-213F-4843-A6A4-35C9046EE95E}"
EndProject
Project("{FAE04EC0-301F-11D3-BF4B-00C04F79EFBC}") = "ExtensionClipper2", "..\ExtensionClipper2\ExtensionClipper2.csproj", "{A52842A8-269B-8247-A69B-39BDB6BE5553}"
EndProject
Global
	GlobalSection(SolutionConfigurationPlatforms) = preSolution
		Debug|Any CPU = Debug|Any CPU
		Release|Any CPU = Release|Any CPU
	EndGlobalSection
	GlobalSection(ProjectConfigurationPlatforms) = postSolution
		{DAE0182C-C541-4FBD-B86A-4C43149B64AF}.Debug|Any CPU.ActiveCfg = Debug|Any CPU
		{DAE0182C-C541-4FBD-B86A-4C43149B64AF}.Debug|Any CPU.Build.0 = Debug|Any CPU
		{DAE0182C-C541-4FBD-B86A-4C43149B64AF}.Release|Any CPU.ActiveCfg = Release|Any CPU
		{DAE0182C-C541-4FBD-B86A-4C43149B64AF}.Release|Any CPU.Build.0 = Release|Any CPU
		{B0482E00-A5EB-4D22-80B5-FFE5ED9709C4}.Debug|Any CPU.ActiveCfg = Debug|Any CPU
		{B0482E00-A5EB-4D22-80B5-FFE5ED9709C4}.Debug|Any CPU.Build.0 = Debug|Any CPU
		{B0482E00-A5EB-4D22-80B5-FFE5ED9709C4}.Release|Any CPU.ActiveCfg = Release|Any CPU
		{B0482E00-A5EB-4D22-80B5-FFE5ED9709C4}.Release|Any CPU.Build.0 = Release|Any CPU
		{E442A570-213F-4843-A6A4-35C9046EE95E}.Debug|Any CPU.ActiveCfg = Debug|Any CPU
		{E442A570-213F-4843-A6A4-35C9046EE95E}.Debug|Any CPU.Build.0 = Debug|Any CPU
		{E442A570-213F-4843-A6A4-35C9046EE95E}.Release|Any CPU.ActiveCfg = Release|Any CPU
		{E442A570-213F-4843-A6A4-35C9046EE95E}.Release|Any CPU.Build.0 = Release|Any CPU
		{A52842A8-269B-8247-A69B-39BDB6BE5553}.Debug|Any CPU.ActiveCfg = Debug|Any CPU
		{A52842A8-269B-8247-A69B-39BDB6BE5553}.Debug|Any CPU.Build.0 = Debug|Any CPU
		{A52842A8-269B-8247-A69B-39BDB6BE5553}.Release|Any CPU.ActiveCfg = Release|Any CPU
		{A52842A8-269B-8247-A69B-39BDB6BE5553}.Release|Any CPU.Build.0 = Release|Any CPU
	EndGlobalSection
	GlobalSection(SolutionProperties) = preSolution
		HideSolutionNode = FALSE
	EndGlobalSection
	GlobalSection(ExtensibilityGlobals) = postSolution
		SolutionGuid = {DAE18F04-D412-48F2-83E5-744C9BA7E55D}
	EndGlobalSection
EndGlobal
